#MicroXplorer Configuration settings - do not modify
File.Version=6
GPIO.groupedBy=Group By Peripherals
KeepUserPlacement=false
Mcu.CPN=STM32F412VET6
Mcu.Family=STM32F4
Mcu.IP0=FSMC
Mcu.IP1=NVIC
Mcu.IP2=QUADSPI
Mcu.IP3=RCC
Mcu.IP4=SYS
Mcu.IP5=USART6
Mcu.IPNb=6
Mcu.Name=STM32F412V(E-G)Tx
Mcu.Package=LQFP100
Mcu.Pin0=PE2
Mcu.Pin1=PC14-OSC32_IN
Mcu.Pin10=PA5
Mcu.Pin11=PC5
Mcu.Pin12=PB1
Mcu.Pin13=PE11
Mcu.Pin14=PE12
Mcu.Pin15=PE13
Mcu.Pin16=PE14
Mcu.Pin17=PE15
Mcu.Pin18=PB12
Mcu.Pin19=PB14
Mcu.Pin2=PC15-OSC32_OUT
Mcu.Pin20=PD9
Mcu.Pin21=PD10
Mcu.Pin22=PD11
Mcu.Pin23=PD12
Mcu.Pin24=PD13
Mcu.Pin25=PD15
Mcu.Pin26=PC6
Mcu.Pin27=PC7
Mcu.Pin28=PC9
Mcu.Pin29=PC10
Mcu.Pin3=PH0 - OSC_IN
Mcu.Pin30=PC11
Mcu.Pin31=PC12
Mcu.Pin32=PD7
Mcu.Pin33=PB6
Mcu.Pin34=PB7
Mcu.Pin35=VP_SYS_VS_Systick
Mcu.Pin4=PH1 - OSC_OUT
Mcu.Pin5=PC2
Mcu.Pin6=PA1
Mcu.Pin7=PA2
Mcu.Pin8=PA3
Mcu.Pin9=PA4
Mcu.PinsNb=36
Mcu.ThirdPartyNb=0
Mcu.UserConstants=
Mcu.UserName=STM32F412VETx
MxCube.Version=6.6.1
MxDb.Version=DB.6.0.60
NVIC.BusFault_IRQn=true\:0\:0\:false\:false\:true\:false\:false\:false
NVIC.DebugMonitor_IRQn=true\:0\:0\:false\:false\:true\:false\:false\:false
NVIC.ForceEnableDMAVector=true
NVIC.HardFault_IRQn=true\:0\:0\:false\:false\:true\:false\:false\:false
NVIC.MemoryManagement_IRQn=true\:0\:0\:false\:false\:true\:false\:false\:false
NVIC.NonMaskableInt_IRQn=true\:0\:0\:false\:false\:true\:false\:false\:false
NVIC.PendSV_IRQn=true\:0\:0\:false\:false\:true\:false\:false\:false
NVIC.PriorityGroup=NVIC_PRIORITYGROUP_4
NVIC.SVCall_IRQn=true\:0\:0\:false\:false\:true\:false\:false\:false
NVIC.SysTick_IRQn=true\:15\:0\:false\:false\:true\:false\:true\:false
NVIC.UsageFault_IRQn=true\:0\:0\:false\:false\:true\:false\:false\:false
PA1.Mode=Single Bank 1
PA1.Signal=QUADSPI_BK1_IO3
PA2.Signal=FSMC_D4_DA4
PA3.Signal=FSMC_D5_DA5
PA4.Signal=FSMC_D6_DA6
PA5.Signal=FSMC_D7_DA7
PB1.Mode=Single Bank 1
PB1.Signal=QUADSPI_CLK
PB12.Signal=FSMC_D13_DA13
PB14.Signal=FSMC_D0_DA0
PB6.Mode=Single Bank 1
PB6.Signal=QUADSPI_BK1_NCS
PB7.Signal=FSMC_NL
PC10.Mode=Single Bank 1
PC10.Signal=QUADSPI_BK1_IO1
PC11.Signal=FSMC_D2_DA2
PC12.Signal=FSMC_D3_DA3
PC14-OSC32_IN.Mode=LSE-External-Oscillator
PC14-OSC32_IN.Signal=RCC_OSC32_IN
PC15-OSC32_OUT.Mode=LSE-External-Oscillator
PC15-OSC32_OUT.Signal=RCC_OSC32_OUT
PC2.Signal=FSMC_NWE
PC5.Signal=FSMC_NOE
PC6.Mode=Asynchronous
PC6.Signal=USART6_TX
PC7.Mode=Asynchronous
PC7.Signal=USART6_RX
PC9.Mode=Single Bank 1
PC9.Signal=QUADSPI_BK1_IO0
PD10.Signal=FSMC_D15_DA15
PD11.Signal=FSMC_A16
PD12.Signal=FSMC_A17
PD13.Signal=FSMC_A18
PD15.Signal=FSMC_D1_DA1
PD7.Mode=NorPsramChipSelect1_1
PD7.Signal=FSMC_NE1
PD9.Signal=FSMC_D14_DA14
PE11.Signal=FSMC_D8_DA8
PE12.Signal=FSMC_D9_DA9
PE13.Signal=FSMC_D10_DA10
PE14.Signal=FSMC_D11_DA11
PE15.Signal=FSMC_D12_DA12
PE2.Mode=Single Bank 1
PE2.Signal=QUADSPI_BK1_IO2
PH0\ -\ OSC_IN.Mode=HSE-External-Oscillator
PH0\ -\ OSC_IN.Signal=RCC_OSC_IN
PH1\ -\ OSC_OUT.Mode=HSE-External-Oscillator
PH1\ -\ OSC_OUT.Signal=RCC_OSC_OUT
PinOutPanel.RotationAngle=0
ProjectManager.AskForMigrate=true
ProjectManager.BackupPrevious=false
ProjectManager.CompilerOptimize=6
ProjectManager.ComputerToolchain=false
ProjectManager.CoupleFile=false
ProjectManager.CustomerFirmwarePackage=
ProjectManager.DefaultFWLocation=true
ProjectManager.DeletePrevious=true
ProjectManager.DeviceId=STM32F412VETx
ProjectManager.FirmwarePackage=STM32Cube FW_F4 V1.27.1
ProjectManager.FreePins=false
ProjectManager.HalAssertFull=false
ProjectManager.HeapSize=0x200
ProjectManager.KeepUserCode=true
ProjectManager.LastFirmware=true
ProjectManager.LibraryCopy=0
ProjectManager.MainLocation=Core/Src
ProjectManager.NoMain=false
ProjectManager.PreviousToolchain=
ProjectManager.ProjectBuild=false
ProjectManager.ProjectFileName=STM32F412VEx-Core.ioc
ProjectManager.ProjectName=STM32F412VEx-Core
ProjectManager.RegisterCallBack=
ProjectManager.StackSize=0x400
ProjectManager.TargetToolchain=EWARM V8.50
ProjectManager.ToolChainLocation=
ProjectManager.UnderRoot=false
ProjectManager.functionlistsort=
RCC.AHBFreq_Value=100000000
RCC.APB1CLKDivider=RCC_HCLK_DIV2
RCC.APB1Freq_Value=50000000
RCC.APB1TimFreq_Value=100000000
RCC.APB2Freq_Value=100000000
RCC.APB2TimFreq_Value=100000000
RCC.CortexFreq_Value=100000000
RCC.DFSDMAudioFreq_Value=144000000
RCC.DFSDMFreq_Value=100000000
RCC.FCLKCortexFreq_Value=100000000
RCC.FMPI2C1Freq_Value=50000000
RCC.FamilyName=M
RCC.HCLKFreq_Value=100000000
RCC.HSE_VALUE=24000000
RCC.I2S1Freq_Value=144000000
RCC.I2S2Freq_Value=144000000
RCC.IPParameters=AHBFreq_Value,APB1CLKDivider,APB1Freq_Value,APB1TimFreq_Value,APB2Freq_Value,APB2TimFreq_Value,CortexFreq_Value,DFSDMAudioFreq_Value,DFSDMFreq_Value,FCLKCortexFreq_Value,FMPI2C1Freq_Value,FamilyName,HCLKFreq_Value,HSE_VALUE,I2S1Freq_Value,I2S2Freq_Value,MCO2PinFreq_Value,PLLCLKFreq_Value,PLLI2SPCLKFreq_Value,PLLI2SQCLKFreq_Value,PLLI2SQoutputFreq_Value,PLLI2SRCLKFreq_Value,PLLI2SoutputFreq_Value,PLLM,PLLN,PLLQCLKFreq_Value,PLLQoutputFreq_Value,PLLRCLKFreq_Value,PLLRoutputFreq_Value,PLLSourceVirtual,RNGFreq_Value,SDIOFreq_Value,SYSCLKFreq_VALUE,SYSCLKSource,USBFreq_Value,VCOI2SInputFreq_Value,VCOI2SOutputFreq_Value,VCOInputFreq_Value,VCOOutputFreq_Value
RCC.MCO2PinFreq_Value=100000000
RCC.PLLCLKFreq_Value=100000000
RCC.PLLI2SPCLKFreq_Value=144000000
RCC.PLLI2SQCLKFreq_Value=144000000
RCC.PLLI2SQoutputFreq_Value=144000000
RCC.PLLI2SRCLKFreq_Value=144000000
RCC.PLLI2SoutputFreq_Value=144000000
RCC.PLLM=12
RCC.PLLN=100
RCC.PLLQCLKFreq_Value=100000000
RCC.PLLQoutputFreq_Value=100000000
RCC.PLLRCLKFreq_Value=100000000
RCC.PLLRoutputFreq_Value=100000000
RCC.PLLSourceVirtual=RCC_PLLSOURCE_HSE
RCC.RNGFreq_Value=100000000
RCC.SDIOFreq_Value=100000000
RCC.SYSCLKFreq_VALUE=100000000
RCC.SYSCLKSource=RCC_SYSCLKSOURCE_PLLCLK
RCC.USBFreq_Value=100000000
RCC.VCOI2SInputFreq_Value=1500000
RCC.VCOI2SOutputFreq_Value=288000000
RCC.VCOInputFreq_Value=2000000
RCC.VCOOutputFreq_Value=200000000
SH.FSMC_A16.0=FSMC_A16,19b-da1
SH.FSMC_A16.ConfNb=1
SH.FSMC_A17.0=FSMC_A17,19b-da1
SH.FSMC_A17.ConfNb=1
SH.FSMC_A18.0=FSMC_A18,19b-da1
SH.FSMC_A18.ConfNb=1
SH.FSMC_D0_DA0.0=FSMC_DA0,19b-da1
SH.FSMC_D0_DA0.ConfNb=1
SH.FSMC_D10_DA10.0=FSMC_DA10,19b-da1
SH.FSMC_D10_DA10.ConfNb=1
SH.FSMC_D11_DA11.0=FSMC_DA11,19b-da1
SH.FSMC_D11_DA11.ConfNb=1
SH.FSMC_D12_DA12.0=FSMC_DA12,19b-da1
SH.FSMC_D12_DA12.ConfNb=1
SH.FSMC_D13_DA13.0=FSMC_DA13,19b-da1
SH.FSMC_D13_DA13.ConfNb=1
SH.FSMC_D14_DA14.0=FSMC_DA14,19b-da1
SH.FSMC_D14_DA14.ConfNb=1
SH.FSMC_D15_DA15.0=FSMC_DA15,19b-da1
SH.FSMC_D15_DA15.ConfNb=1
SH.FSMC_D1_DA1.0=FSMC_DA1,19b-da1
SH.FSMC_D1_DA1.ConfNb=1
SH.FSMC_D2_DA2.0=FSMC_DA2,19b-da1
SH.FSMC_D2_DA2.ConfNb=1
SH.FSMC_D3_DA3.0=FSMC_DA3,19b-da1
SH.FSMC_D3_DA3.ConfNb=1
SH.FSMC_D4_DA4.0=FSMC_DA4,19b-da1
SH.FSMC_D4_DA4.ConfNb=1
SH.FSMC_D5_DA5.0=FSMC_DA5,19b-da1
SH.FSMC_D5_DA5.ConfNb=1
SH.FSMC_D6_DA6.0=FSMC_DA6,19b-da1
SH.FSMC_D6_DA6.ConfNb=1
SH.FSMC_D7_DA7.0=FSMC_DA7,19b-da1
SH.FSMC_D7_DA7.ConfNb=1
SH.FSMC_D8_DA8.0=FSMC_DA8,19b-da1
SH.FSMC_D8_DA8.ConfNb=1
SH.FSMC_D9_DA9.0=FSMC_DA9,19b-da1
SH.FSMC_D9_DA9.ConfNb=1
SH.FSMC_NL.0=FSMC_NL,AddressValid1
SH.FSMC_NL.ConfNb=1
SH.FSMC_NOE.0=FSMC_NOE,MuxedPsram1
SH.FSMC_NOE.ConfNb=1
SH.FSMC_NWE.0=FSMC_NWE,MuxedPsram1
SH.FSMC_NWE.ConfNb=1
USART6.IPParameters=VirtualMode
USART6.VirtualMode=VM_ASYNC
VP_SYS_VS_Systick.Mode=SysTick
VP_SYS_VS_Systick.Signal=SYS_VS_Systick
board=custom
